
Microsoft Visual Studio Solution File, Format Version 11.00
# Visual Studio 2010
Project("{8BC9CEB8-8B4A-11D0-8D11-00A0C91BC942}") = "WinpcapMFC", "WinpcapMFC\WinpcapMFC.vcxproj", "{A0EE3491-9CDC-492B-9221-72BB08603490}"
EndProject
Global
	GlobalSection(SolutionConfigurationPlatforms) = preSolution
		Debug|Win32 = Debug|Win32
		Release|Win32 = Release|Win32
	EndGlobalSection
	GlobalSection(ProjectConfigurationPlatforms) = postSolution
		{A0EE3491-9CDC-492B-9221-72BB08603490}.Debug|Win32.ActiveCfg = Debug|Win32
		{A0EE3491-9CDC-492B-9221-72BB08603490}.Debug|Win32.Build.0 = Debug|Win32
		{A0EE3491-9CDC-492B-9221-72BB08603490}.Release|Win32.ActiveCfg = Release|Win32
		{A0EE3491-9CDC-492B-9221-72BB08603490}.Release|Win32.Build.0 = Release|Win32
	EndGlobalSection
	GlobalSection(SolutionProperties) = preSolution
		HideSolutionNode = FALSE
	EndGlobalSection
EndGlobal
